
Microsoft Visual Studio Solution File, Format Version 12.00
# Visual Studio Version 16
VisualStudioVersion = 16.0.31410.357
MinimumVisualStudioVersion = 10.0.40219.1
Project("{FAE04EC0-301F-11D3-BF4B-00C04F79EFBC}") = "Tarea04_20", "Tarea04_20\Tarea04_20.csproj", "{1177D1EF-CC3F-458A-8CBD-FD3E55A68181}"
EndProject
Global
	GlobalSection(SolutionConfigurationPlatforms) = preSolution
		Debug|Any CPU = Debug|Any CPU
		Release|Any CPU = Release|Any CPU
	EndGlobalSection
	GlobalSection(ProjectConfigurationPlatforms) = postSolution
		{1177D1EF-CC3F-458A-8CBD-FD3E55A68181}.Debug|Any CPU.ActiveCfg = Debug|Any CPU
		{1177D1EF-CC3F-458A-8CBD-FD3E55A68181}.Debug|Any CPU.Build.0 = Debug|Any CPU
		{1177D1EF-CC3F-458A-8CBD-FD3E55A68181}.Release|Any CPU.ActiveCfg = Release|Any CPU
		{1177D1EF-CC3F-458A-8CBD-FD3E55A68181}.Release|Any CPU.Build.0 = Release|Any CPU
	EndGlobalSection
	GlobalSection(SolutionProperties) = preSolution
		HideSolutionNode = FALSE
	EndGlobalSection
	GlobalSection(ExtensibilityGlobals) = postSolution
		SolutionGuid = {1294283E-C80C-4D83-84A1-3F6D9B01328F}
	EndGlobalSection
EndGlobal
